{
  "lockfileVersion": 1,
  "configVersion": 1,
  "workspaces": {
    "": {
      "name": "clipforge-worker",
      "dependencies": {
        "@napi-rs/canvas": "^1.0.9",
        "fontkit": "^2.0.4",
      },
    },
  },
  "packages": {
    "@napi-rs/canvas": ["@napi-rs/canvas@1.0.9", "https://europe-west4-npm.pkg.dev/lovable-core-prod/sandbox-npm-cache/@napi-rs/canvas/-/canvas-1.0.9.tgz", { "optionalDependencies": { "@napi-rs/canvas-android-arm64": "1.0.9", "@napi-rs/canvas-darwin-arm64": "1.0.9", "@napi-rs/canvas-darwin-x64": "1.0.9", "@napi-rs/canvas-linux-arm-gnueabihf": "1.0.9", "@napi-rs/canvas-linux-arm64-gnu": "1.0.9", "@napi-rs/canvas-linux-arm64-musl": "1.0.9", "@napi-rs/canvas-linux-riscv64-gnu": "1.0.9", "@napi-rs/canvas-linux-x64-gnu": "1.0.9", "@napi-rs/canvas-linux-x64-musl": "1.0.9", "@napi-rs/canvas-win32-arm64-msvc": "1.0.9", "@napi-rs/canvas-win32-x64-msvc": "1.0.9" } }, "sha512-QviPdJImDi/jMAvBfqaw+19BndMd/sizXVW3NnpMd3VJGz++QXkOHcP9kWR/smHG0hNjHeyuHFyrx/5lD0oNcQ=="],

    "@napi-rs/canvas-android-arm64": ["@napi-rs/canvas-android-arm64@1.0.9", "https://europe-west4-npm.pkg.dev/lovable-core-prod/sandbox-npm-cache/@napi-rs/canvas-android-arm64/-/canvas-android-arm64-1.0.9.tgz", { "os": "android", "cpu": "arm64" }, "sha512-4LGXk2/0HVzE29K8SzML5WubgCp++B1FH3qgl35XmSZE+lLdr6P9VRQEnZ0MCLZMTSuJP41yyhtoiVNEuvrTIA=="],

    "@napi-rs/canvas-darwin-arm64": ["@napi-rs/canvas-darwin-arm64@1.0.9", "https://europe-west4-npm.pkg.dev/lovable-core-prod/sandbox-npm-cache/@napi-rs/canvas-darwin-arm64/-/canvas-darwin-arm64-1.0.9.tgz", { "os": "darwin", "cpu": "arm64" }, "sha512-YNdfLBzY0W/Pep9fo2L6RmoNlNksnn05LRnX66W63R3ij58S25QOTcjdtEt2v8+PnCESzqZsYzUo+QPeIR44NA=="],

    "@napi-rs/canvas-darwin-x64": ["@napi-rs/canvas-darwin-x64@1.0.9", "https://europe-west4-npm.pkg.dev/lovable-core-prod/sandbox-npm-cache/@napi-rs/canvas-darwin-x64/-/canvas-darwin-x64-1.0.9.tgz", { "os": "darwin", "cpu": "x64" }, "sha512-ceZQSknTEcy3dOXoekv59LTCkXjvnLsq+VW5PeNNDHEPQbRS5Ervkm1EaDa7WLAjiYWMLuSQTRTHao1dEX4prg=="],

    "@napi-rs/canvas-linux-arm-gnueabihf": ["@napi-rs/canvas-linux-arm-gnueabihf@1.0.9", "https://europe-west4-npm.pkg.dev/lovable-core-prod/sandbox-npm-cache/@napi-rs/canvas-linux-arm-gnueabihf/-/canvas-linux-arm-gnueabihf-1.0.9.tgz", { "os": "linux", "cpu": "arm" }, "sha512-XhfI0Wwv4llhd6nnWDtY3kQKjq0r+y1i91PlJlJI24ag2U9WrnwbG1qS3+fDLEyouwEVFchiKkTEHozK+5iUNA=="],

    "@napi-rs/canvas-linux-arm64-gnu": ["@napi-rs/canvas-linux-arm64-gnu@1.0.9", "https://europe-west4-npm.pkg.dev/lovable-core-prod/sandbox-npm-cache/@napi-rs/canvas-linux-arm64-gnu/-/canvas-linux-arm64-gnu-1.0.9.tgz", { "os": "linux", "cpu": "arm64" }, "sha512-012oiYtKaE7i9oxc8q7nraT7kDOpLcaCmFLzVe9Ty34RHDdoDzbWLrVh827CNxYh/EADX1eSikA3ymLjo/nNuw=="],

    "@napi-rs/canvas-linux-arm64-musl": ["@napi-rs/canvas-linux-arm64-musl@1.0.9", "https://europe-west4-npm.pkg.dev/lovable-core-prod/sandbox-npm-cache/@napi-rs/canvas-linux-arm64-musl/-/canvas-linux-arm64-musl-1.0.9.tgz", { "os": "linux", "cpu": "arm64" }, "sha512-Ls5UWYFFn63casTZEczbeyEg3vRDRkv9lscuGwfchtY5yLLQhgOB8SN4YGxmfJ5vTaBwZ2YUxBS3NtmjJmFXdA=="],

    "@napi-rs/canvas-linux-riscv64-gnu": ["@napi-rs/canvas-linux-riscv64-gnu@1.0.9", "https://europe-west4-npm.pkg.dev/lovable-core-prod/sandbox-npm-cache/@napi-rs/canvas-linux-riscv64-gnu/-/canvas-linux-riscv64-gnu-1.0.9.tgz", { "os": "linux", "cpu": "none" }, "sha512-hLKEGxV7ZiRHqndePTokgDMdBlo/rDfzg7P4p4QIv9pUhuYobnu3R2NIFLCRghG0nwfo+s2sw+c1xZFeCmEAsw=="],

    "@napi-rs/canvas-linux-x64-gnu": ["@napi-rs/canvas-linux-x64-gnu@1.0.9", "https://europe-west4-npm.pkg.dev/lovable-core-prod/sandbox-npm-cache/@napi-rs/canvas-linux-x64-gnu/-/canvas-linux-x64-gnu-1.0.9.tgz", { "os": "linux", "cpu": "x64" }, "sha512-6kaz3w0QMy77PDWk6rJ1ksIihdad3qzEyX2o2oGT8GwCaypfT5mhjr8buOO5hstyLxcWXDScuz56RsINLtBPIQ=="],

    "@napi-rs/canvas-linux-x64-musl": ["@napi-rs/canvas-linux-x64-musl@1.0.9", "https://europe-west4-npm.pkg.dev/lovable-core-prod/sandbox-npm-cache/@napi-rs/canvas-linux-x64-musl/-/canvas-linux-x64-musl-1.0.9.tgz", { "os": "linux", "cpu": "x64" }, "sha512-xrGvmS3v55hmZ86ls/kBLVNMUTYio3f6Ik0DireemG994VfPAwiA3ZXA0Uf1bByctkB3NQ1Sfb+H5bkdUnnzfQ=="],

    "@napi-rs/canvas-win32-arm64-msvc": ["@napi-rs/canvas-win32-arm64-msvc@1.0.9", "https://europe-west4-npm.pkg.dev/lovable-core-prod/sandbox-npm-cache/@napi-rs/canvas-win32-arm64-msvc/-/canvas-win32-arm64-msvc-1.0.9.tgz", { "os": "win32", "cpu": "arm64" }, "sha512-yjmVS3ArZeRVCP7jqbPq4rpZa/BhTeI7ELE2XqJg3snICQBDevLZyArxswHkiTnT34KRic33/4fLirrHI+SY8A=="],

    "@napi-rs/canvas-win32-x64-msvc": ["@napi-rs/canvas-win32-x64-msvc@1.0.9", "https://europe-west4-npm.pkg.dev/lovable-core-prod/sandbox-npm-cache/@napi-rs/canvas-win32-x64-msvc/-/canvas-win32-x64-msvc-1.0.9.tgz", { "os": "win32", "cpu": "x64" }, "sha512-QlSYQdMQslB81nlABo9wNfQ6npFhE7/O+saCZdqVGueGanyRk4jCogD5EwQenfP3kIq9e+mm6GreQBjX5MrA8g=="],

    "@swc/helpers": ["@swc/helpers@0.5.23", "https://europe-west4-npm.pkg.dev/lovable-core-prod/sandbox-npm-cache/@swc/helpers/-/helpers-0.5.23.tgz", { "dependencies": { "tslib": "^2.8.0" } }, "sha512-5lSsMOTXURePglDfvuAQUqkGek9Hg2kksOYay2m0+XR++b2NWYL/4sWyuvVBIs8oKnJaxkdi9whaL/sqN13afw=="],

    "base64-js": ["base64-js@1.5.1", "https://europe-west4-npm.pkg.dev/lovable-core-prod/sandbox-npm-cache/base64-js/-/base64-js-1.5.1.tgz", {}, "sha512-AKpaYlHn8t4SVbOHCy+b5+KKgvR4vrsD8vbvrbiQJps7fKDTkjkDry6ji0rUJjC0kzbNePLwzxq8iypo41qeWA=="],

    "brotli": ["brotli@1.3.3", "https://europe-west4-npm.pkg.dev/lovable-core-prod/sandbox-npm-cache/brotli/-/brotli-1.3.3.tgz", { "dependencies": { "base64-js": "^1.1.2" } }, "sha512-oTKjJdShmDuGW94SyyaoQvAjf30dZaHnjJ8uAF+u2/vGJkJbJPJAT1gDiOJP5v1Zb6f9KEyW/1HpuaWIXtGHPg=="],

    "clone": ["clone@2.1.2", "https://europe-west4-npm.pkg.dev/lovable-core-prod/sandbox-npm-cache/clone/-/clone-2.1.2.tgz", {}, "sha512-3Pe/CF1Nn94hyhIYpjtiLhdCoEoz0DqQ+988E9gmeEdQZlojxnOb74wctFyuwWQHzqyf9X7C7MG8juUpqBJT8w=="],

    "dfa": ["dfa@1.2.0", "https://europe-west4-npm.pkg.dev/lovable-core-prod/sandbox-npm-cache/dfa/-/dfa-1.2.0.tgz", {}, "sha512-ED3jP8saaweFTjeGX8HQPjeC1YYyZs98jGNZx6IiBvxW7JG5v492kamAQB3m2wop07CvU/RQmzcKr6bgcC5D/Q=="],

    "fast-deep-equal": ["fast-deep-equal@3.1.3", "https://europe-west4-npm.pkg.dev/lovable-core-prod/sandbox-npm-cache/fast-deep-equal/-/fast-deep-equal-3.1.3.tgz", {}, "sha512-f3qQ9oQy9j2AhBe/H9VC91wLmKBCCU/gDOnKNAYG5hswO7BLKj09Hc5HYNz9cGI++xlpDCIgDaitVs03ATR84Q=="],

    "fontkit": ["fontkit@2.0.4", "https://europe-west4-npm.pkg.dev/lovable-core-prod/sandbox-npm-cache/fontkit/-/fontkit-2.0.4.tgz", { "dependencies": { "@swc/helpers": "^0.5.12", "brotli": "^1.3.2", "clone": "^2.1.2", "dfa": "^1.2.0", "fast-deep-equal": "^3.1.3", "restructure": "^3.0.0", "tiny-inflate": "^1.0.3", "unicode-properties": "^1.4.0", "unicode-trie": "^2.0.0" } }, "sha512-syetQadaUEDNdxdugga9CpEYVaQIxOwk7GlwZWWZ19//qW4zE5bknOKeMBDYAASwnpaSHKJITRLMF9m1fp3s6g=="],

    "pako": ["pako@0.2.9", "https://europe-west4-npm.pkg.dev/lovable-core-prod/sandbox-npm-cache/pako/-/pako-0.2.9.tgz", {}, "sha512-NUcwaKxUxWrZLpDG+z/xZaCgQITkA/Dv4V/T6bw7VON6l1Xz/VnrBqrYjZQ12TamKHzITTfOEIYUj48y2KXImA=="],

    "restructure": ["restructure@3.0.2", "https://europe-west4-npm.pkg.dev/lovable-core-prod/sandbox-npm-cache/restructure/-/restructure-3.0.2.tgz", {}, "sha512-gSfoiOEA0VPE6Tukkrr7I0RBdE0s7H1eFCDBk05l1KIQT1UIKNc5JZy6jdyW6eYH3aR3g5b3PuL77rq0hvwtAw=="],

    "tiny-inflate": ["tiny-inflate@1.0.3", "https://europe-west4-npm.pkg.dev/lovable-core-prod/sandbox-npm-cache/tiny-inflate/-/tiny-inflate-1.0.3.tgz", {}, "sha512-pkY1fj1cKHb2seWDy0B16HeWyczlJA9/WW3u3c4z/NiWDsO3DOU5D7nhTLE9CF0yXv/QZFY7sEJmj24dK+Rrqw=="],

    "tslib": ["tslib@2.8.1", "https://europe-west4-npm.pkg.dev/lovable-core-prod/sandbox-npm-cache/tslib/-/tslib-2.8.1.tgz", {}, "sha512-oJFu94HQb+KVduSUQL7wnpmqnfmLsOA/nAh6b6EH0wCEoK0/mPeXU6c3wKDV83MkOuHPRHtSXKKU99IBazS/2w=="],

    "unicode-properties": ["unicode-properties@1.4.1", "https://europe-west4-npm.pkg.dev/lovable-core-prod/sandbox-npm-cache/unicode-properties/-/unicode-properties-1.4.1.tgz", { "dependencies": { "base64-js": "^1.3.0", "unicode-trie": "^2.0.0" } }, "sha512-CLjCCLQ6UuMxWnbIylkisbRj31qxHPAurvena/0iwSVbQ2G1VY5/HjV0IRabOEbDHlzZlRdCrD4NhB0JtU40Pg=="],

    "unicode-trie": ["unicode-trie@2.0.0", "https://europe-west4-npm.pkg.dev/lovable-core-prod/sandbox-npm-cache/unicode-trie/-/unicode-trie-2.0.0.tgz", { "dependencies": { "pako": "^0.2.5", "tiny-inflate": "^1.0.0" } }, "sha512-x7bc76x0bm4prf1VLg79uhAzKw8DVboClSN5VxJuQ+LKDOVEW9CdH+VY7SP+vX7xCYQqzzgQpFqz15zeLvAtZQ=="],
  }
}
